
Microsoft Visual Studio Solution File, Format Version 12.00
# Visual Studio Version 16
VisualStudioVersion = 16.0.31424.327
MinimumVisualStudioVersion = 10.0.40219.1
Project("{9A19103F-16F7-4668-BE54-9A1E7A4F7556}") = "InventoryLibrary", "InventoryLibrary\InventoryLibrary.csproj", "{BA2E12BD-557F-4ED1-AC3F-E44E7C1B45E2}"
EndProject
Project("{FAE04EC0-301F-11D3-BF4B-00C04F79EFBC}") = "InventoryManager", "InventoryManager\InventoryManager.csproj", "{CF665B87-278E-464D-AE9B-7743A4D221D6}"
EndProject
Global
	GlobalSection(SolutionConfigurationPlatforms) = preSolution
		Debug|Any CPU = Debug|Any CPU
		Release|Any CPU = Release|Any CPU
	EndGlobalSection
	GlobalSection(ProjectConfigurationPlatforms) = postSolution
		{BA2E12BD-557F-4ED1-AC3F-E44E7C1B45E2}.Debug|Any CPU.ActiveCfg = Debug|Any CPU
		{BA2E12BD-557F-4ED1-AC3F-E44E7C1B45E2}.Debug|Any CPU.Build.0 = Debug|Any CPU
		{BA2E12BD-557F-4ED1-AC3F-E44E7C1B45E2}.Release|Any CPU.ActiveCfg = Release|Any CPU
		{BA2E12BD-557F-4ED1-AC3F-E44E7C1B45E2}.Release|Any CPU.Build.0 = Release|Any CPU
		{CF665B87-278E-464D-AE9B-7743A4D221D6}.Debug|Any CPU.ActiveCfg = Debug|Any CPU
		{CF665B87-278E-464D-AE9B-7743A4D221D6}.Debug|Any CPU.Build.0 = Debug|Any CPU
		{CF665B87-278E-464D-AE9B-7743A4D221D6}.Release|Any CPU.ActiveCfg = Release|Any CPU
		{CF665B87-278E-464D-AE9B-7743A4D221D6}.Release|Any CPU.Build.0 = Release|Any CPU
	EndGlobalSection
	GlobalSection(SolutionProperties) = preSolution
		HideSolutionNode = FALSE
	EndGlobalSection
	GlobalSection(ExtensibilityGlobals) = postSolution
		SolutionGuid = {BCFD3C38-4078-45B1-8D6E-AA05A12946AB}
	EndGlobalSection
EndGlobal
