
Microsoft Visual Studio Solution File, Format Version 12.00
# Visual Studio 15
VisualStudioVersion = 15.0.26124.0
MinimumVisualStudioVersion = 15.0.26124.0
Project("{FAE04EC0-301F-11D3-BF4B-00C04F79EFBC}") = "Text", "Text\Text.csproj", "{6CDA5515-DDA0-4831-ACCB-28A748CB9232}"
EndProject
Project("{FAE04EC0-301F-11D3-BF4B-00C04F79EFBC}") = "Text.Tests", "Text.Tests\Text.Tests.csproj", "{24D81872-314F-44A6-B196-0BE56264A799}"
EndProject
Global
	GlobalSection(SolutionConfigurationPlatforms) = preSolution
		Debug|Any CPU = Debug|Any CPU
		Debug|x64 = Debug|x64
		Debug|x86 = Debug|x86
		Release|Any CPU = Release|Any CPU
		Release|x64 = Release|x64
		Release|x86 = Release|x86
	EndGlobalSection
	GlobalSection(SolutionProperties) = preSolution
		HideSolutionNode = FALSE
	EndGlobalSection
	GlobalSection(ProjectConfigurationPlatforms) = postSolution
		{6CDA5515-DDA0-4831-ACCB-28A748CB9232}.Debug|Any CPU.ActiveCfg = Debug|Any CPU
		{6CDA5515-DDA0-4831-ACCB-28A748CB9232}.Debug|Any CPU.Build.0 = Debug|Any CPU
		{6CDA5515-DDA0-4831-ACCB-28A748CB9232}.Debug|x64.ActiveCfg = Debug|Any CPU
		{6CDA5515-DDA0-4831-ACCB-28A748CB9232}.Debug|x64.Build.0 = Debug|Any CPU
		{6CDA5515-DDA0-4831-ACCB-28A748CB9232}.Debug|x86.ActiveCfg = Debug|Any CPU
		{6CDA5515-DDA0-4831-ACCB-28A748CB9232}.Debug|x86.Build.0 = Debug|Any CPU
		{6CDA5515-DDA0-4831-ACCB-28A748CB9232}.Release|Any CPU.ActiveCfg = Release|Any CPU
		{6CDA5515-DDA0-4831-ACCB-28A748CB9232}.Release|Any CPU.Build.0 = Release|Any CPU
		{6CDA5515-DDA0-4831-ACCB-28A748CB9232}.Release|x64.ActiveCfg = Release|Any CPU
		{6CDA5515-DDA0-4831-ACCB-28A748CB9232}.Release|x64.Build.0 = Release|Any CPU
		{6CDA5515-DDA0-4831-ACCB-28A748CB9232}.Release|x86.ActiveCfg = Release|Any CPU
		{6CDA5515-DDA0-4831-ACCB-28A748CB9232}.Release|x86.Build.0 = Release|Any CPU
		{24D81872-314F-44A6-B196-0BE56264A799}.Debug|Any CPU.ActiveCfg = Debug|Any CPU
		{24D81872-314F-44A6-B196-0BE56264A799}.Debug|Any CPU.Build.0 = Debug|Any CPU
		{24D81872-314F-44A6-B196-0BE56264A799}.Debug|x64.ActiveCfg = Debug|Any CPU
		{24D81872-314F-44A6-B196-0BE56264A799}.Debug|x64.Build.0 = Debug|Any CPU
		{24D81872-314F-44A6-B196-0BE56264A799}.Debug|x86.ActiveCfg = Debug|Any CPU
		{24D81872-314F-44A6-B196-0BE56264A799}.Debug|x86.Build.0 = Debug|Any CPU
		{24D81872-314F-44A6-B196-0BE56264A799}.Release|Any CPU.ActiveCfg = Release|Any CPU
		{24D81872-314F-44A6-B196-0BE56264A799}.Release|Any CPU.Build.0 = Release|Any CPU
		{24D81872-314F-44A6-B196-0BE56264A799}.Release|x64.ActiveCfg = Release|Any CPU
		{24D81872-314F-44A6-B196-0BE56264A799}.Release|x64.Build.0 = Release|Any CPU
		{24D81872-314F-44A6-B196-0BE56264A799}.Release|x86.ActiveCfg = Release|Any CPU
		{24D81872-314F-44A6-B196-0BE56264A799}.Release|x86.Build.0 = Release|Any CPU
	EndGlobalSection
EndGlobal
